{
  "name": "Website Portfolio",
  "lockfileVersion": 3,
  "requires": true,
  "packages": {
    "": {
      "dependencies": {
        "@hackernoon/pixel-icon-library": "^1.0.6",
        "nes.css": "^2.2.1"
      }
    },
    "node_modules/@hackernoon/pixel-icon-library": {
      "version": "1.0.6",
      "resolved": "https://registry.npmjs.org/@hackernoon/pixel-icon-library/-/pixel-icon-library-1.0.6.tgz",
      "integrity": "sha512-WCkDFAJq6Xyp2rdVV7qcmx/vlixoScikEv2DpWUNtzWchDOyeTFrU3GTvd0jD/DGYJomLy2tKwkl13wycaO3Ng==",
      "license": "MIT"
    },
    "node_modules/nes.css": {
      "version": "2.2.1",
      "resolved": "https://registry.npmjs.org/nes.css/-/nes.css-2.2.1.tgz",
      "integrity": "sha512-TlO0e7YCi69/wfyHCo5+FD5C+UhCkSThU4qg7/guRBIovVaq1MYs1RMKI2Pjf1lowNM3PBDHl1HHtND4aMOg+Q==",
      "license": "MIT"
    }
  }
}
